{
  "name": "japan-city-geojson",
  "version": "0.0.0",
  "lockfileVersion": 1,
  "requires": true,
  "dependencies": {
    "commander": {
      "version": "2.20.3",
      "resolved": "https://registry.npmjs.org/commander/-/commander-2.20.3.tgz",
      "integrity": "sha512-GpVkmM8vF2vQUkj2LvZmD35JxeJOLCwJ9cUkugyk2nuhbv3+mJvpLYYt+0+USMxE+oj+ey/lJEnhZw75x/OMcQ=="
    },
    "topojson-client": {
      "version": "2.1.0",
      "resolved": "https://registry.npmjs.org/topojson-client/-/topojson-client-2.1.0.tgz",
      "integrity": "sha1-/59784mRGF4LQoTCsGroNPDqxsg=",
      "requires": {
        "commander": "2"
      }
    },
    "topojson-server": {
      "version": "2.0.0",
      "resolved": "https://registry.npmjs.org/topojson-server/-/topojson-server-2.0.0.tgz",
      "integrity": "sha1-5cHOft351AMSiQ6lHpXhfZjTIdg=",
      "requires": {
        "commander": "2"
      }
    }
  }
}
